
Microsoft Visual Studio Solution File, Format Version 12.00
# Visual Studio Version 17
VisualStudioVersion = 17.12.35707.178 d17.12
MinimumVisualStudioVersion = 10.0.40219.1
Project("{FAE04EC0-301F-11D3-BF4B-00C04F79EFBC}") = "proWeb", "proWeb\proWeb.csproj", "{29FBD800-142B-4A99-A67D-CB5438E8C22E}"
EndProject
Project("{FAE04EC0-301F-11D3-BF4B-00C04F79EFBC}") = "library", "library\library.csproj", "{DC30C27D-9533-4763-AB19-690743AB2496}"
EndProject
Global
	GlobalSection(SolutionConfigurationPlatforms) = preSolution
		Debug|Any CPU = Debug|Any CPU
		Release|Any CPU = Release|Any CPU
	EndGlobalSection
	GlobalSection(ProjectConfigurationPlatforms) = postSolution
		{29FBD800-142B-4A99-A67D-CB5438E8C22E}.Debug|Any CPU.ActiveCfg = Debug|Any CPU
		{29FBD800-142B-4A99-A67D-CB5438E8C22E}.Debug|Any CPU.Build.0 = Debug|Any CPU
		{29FBD800-142B-4A99-A67D-CB5438E8C22E}.Release|Any CPU.ActiveCfg = Release|Any CPU
		{29FBD800-142B-4A99-A67D-CB5438E8C22E}.Release|Any CPU.Build.0 = Release|Any CPU
		{DC30C27D-9533-4763-AB19-690743AB2496}.Debug|Any CPU.ActiveCfg = Debug|Any CPU
		{DC30C27D-9533-4763-AB19-690743AB2496}.Debug|Any CPU.Build.0 = Debug|Any CPU
		{DC30C27D-9533-4763-AB19-690743AB2496}.Release|Any CPU.ActiveCfg = Release|Any CPU
		{DC30C27D-9533-4763-AB19-690743AB2496}.Release|Any CPU.Build.0 = Release|Any CPU
	EndGlobalSection
	GlobalSection(SolutionProperties) = preSolution
		HideSolutionNode = FALSE
	EndGlobalSection
EndGlobal
